
Microsoft Visual Studio Solution File, Format Version 12.00
# Visual Studio Version 17
VisualStudioVersion = 17.13.35931.197 d17.13
MinimumVisualStudioVersion = 10.0.40219.1
Project("{FAE04EC0-301F-11D3-BF4B-00C04F79EFBC}") = "Video_Store", "Video_Store\Video_Store.csproj", "{BC747DB4-5CB3-48AD-B479-B7A73F3C6388}"
EndProject
Global
	GlobalSection(SolutionConfigurationPlatforms) = preSolution
		Debug|Any CPU = Debug|Any CPU
		Release|Any CPU = Release|Any CPU
	EndGlobalSection
	GlobalSection(ProjectConfigurationPlatforms) = postSolution
		{BC747DB4-5CB3-48AD-B479-B7A73F3C6388}.Debug|Any CPU.ActiveCfg = Debug|Any CPU
		{BC747DB4-5CB3-48AD-B479-B7A73F3C6388}.Debug|Any CPU.Build.0 = Debug|Any CPU
		{BC747DB4-5CB3-48AD-B479-B7A73F3C6388}.Release|Any CPU.ActiveCfg = Release|Any CPU
		{BC747DB4-5CB3-48AD-B479-B7A73F3C6388}.Release|Any CPU.Build.0 = Release|Any CPU
	EndGlobalSection
	GlobalSection(SolutionProperties) = preSolution
		HideSolutionNode = FALSE
	EndGlobalSection
	GlobalSection(ExtensibilityGlobals) = postSolution
		SolutionGuid = {9D073AF7-BBFC-4CE7-B994-23FA163340A6}
	EndGlobalSection
EndGlobal
